{
  "name": "simple-iot-hub-service",
  "version": "0.1.0",
  "lockfileVersion": 1,
  "requires": true,
  "dependencies": {
    "amqp10": {
      "version": "3.6.0",
      "resolved": "https://registry.npmjs.org/amqp10/-/amqp10-3.6.0.tgz",
      "integrity": "sha512-o8Agnjuf4ve+aT1IExkTLeL5/rAqxvL4gqDkO06AfRlL9SRSklMMMzKqmPsVjcV5ySOVEQqyFUOAhI3wm3KT1A==",
      "requires": {
        "bl": "^1.1.2",
        "bluebird": "^3.4.6",
        "buffer-builder": "^0.2.0",
        "debug": "^2.3.3",
        "lodash": "^4.17.2",
        "node-int64": "^0.4.0",
        "stately.js": "^1.3.0"
      }
    },
    "amqp10-transport-ws": {
      "version": "0.0.5",
      "resolved": "https://registry.npmjs.org/amqp10-transport-ws/-/amqp10-transport-ws-0.0.5.tgz",
      "integrity": "sha1-sPgnwkrU4YFSi8uy3s63H0oTKZk=",
      "requires": {
        "nodejs-websocket": "^1.7.0"
      }
    },
    "async": {
      "version": "2.6.1",
      "resolved": "https://registry.npmjs.org/async/-/async-2.6.1.tgz",
      "integrity": "sha512-fNEiL2+AZt6AlAw/29Cr0UDe4sRAHCpEHh54WMz+Bb7QfNcFw4h3loofyJpLeQs4Yx7yuqu/2dLgM5hKOs6HlQ==",
      "requires": {
        "lodash": "^4.17.10"
      }
    },
    "azure-event-hubs": {
      "version": "0.0.8",
      "resolved": "https://registry.npmjs.org/azure-event-hubs/-/azure-event-hubs-0.0.8.tgz",
      "integrity": "sha1-MebCXbp0cj10QdZpCncDzpq1Cso=",
      "requires": {
        "amqp10": "3.5.0",
        "azure-iot-common": "1.1.3",
        "bluebird": "^3.4.7",
        "uuid": "^3.0.1"
      },
      "dependencies": {
        "amqp10": {
          "version": "3.5.0",
          "resolved": "https://registry.npmjs.org/amqp10/-/amqp10-3.5.0.tgz",
          "integrity": "sha1-FFAfHQi51DG3++dpc+i3xkgB2DA=",
          "requires": {
            "bl": "^1.1.2",
            "bluebird": "^3.4.6",
            "buffer-builder": "^0.2.0",
            "debug": "^2.3.3",
            "lodash": "^4.17.2",
            "node-int64": "^0.4.0",
            "stately.js": "^1.3.0"
          }
        },
        "azure-iot-common": {
          "version": "1.1.3",
          "resolved": "https://registry.npmjs.org/azure-iot-common/-/azure-iot-common-1.1.3.tgz",
          "integrity": "sha1-qNPp9/HZiHe34GqVsO7KCu+ufR4=",
          "requires": {
            "crypto": "^0.0.3"
          }
        },
        "uuid": {
          "version": "3.1.0",
          "resolved": "https://registry.npmjs.org/uuid/-/uuid-3.1.0.tgz",
          "integrity": "sha512-DIWtzUkw04M4k3bf1IcpS2tngXEL26YUD2M0tMDUpnUrz2hgzUBlD55a4FjdLGPvfHxS6uluGWvaVEqgBcVa+g=="
        }
      }
    },
    "azure-iot-amqp-base": {
      "version": "1.7.1",
      "resolved": "https://registry.npmjs.org/azure-iot-amqp-base/-/azure-iot-amqp-base-1.7.1.tgz",
      "integrity": "sha512-bVGsuDmThBEoYwUbnDkiEmwrWBYJJoN2tTP7Vx38gluvy5QUp5TWywDgtWBMcHDb0Nf4OWADMDfcgZ2TH6bMYg==",
      "requires": {
        "amqp10": "^3.6.0",
        "amqp10-transport-ws": "^0.0.5",
        "async": "^2.5.0",
        "azure-iot-common": "1.7.1",
        "bluebird": "^3.5.0",
        "debug": "^3.0.1",
        "lodash.merge": "^4.6.1",
        "machina": "^2.0.1",
        "uuid": "^3.0.1"
      },
      "dependencies": {
        "azure-iot-common": {
          "version": "1.7.1",
          "resolved": "https://registry.npmjs.org/azure-iot-common/-/azure-iot-common-1.7.1.tgz",
          "integrity": "sha512-qpUnGCAB5F7RsS6QQp/SXX5OUx59L4wY4cHnJrfa8e8Wwv6S+Kewe3l1OZvuIx36jQnOnclwJy2Dyyhw5na/hA==",
          "requires": {
            "getos": "^3.1.0"
          }
        },
        "debug": {
          "version": "3.1.0",
          "resolved": "https://registry.npmjs.org/debug/-/debug-3.1.0.tgz",
          "integrity": "sha512-OX8XqP7/1a9cqkxYw2yXss15f26NKWBpDXQd0/uK/KPqdQhxbPa994hnzjcE2VqQpDslf55723cKPUOGSmMY3g==",
          "requires": {
            "ms": "2.0.0"
          }
        }
      }
    },
    "azure-iot-common": {
      "version": "1.1.6",
      "resolved": "https://registry.npmjs.org/azure-iot-common/-/azure-iot-common-1.1.6.tgz",
      "integrity": "sha1-JgGQ/4jfLOFcUq6RvpQE3Prrt00=",
      "requires": {
        "crypto": "^0.0.3"
      }
    },
    "azure-iot-http-base": {
      "version": "1.7.1",
      "resolved": "https://registry.npmjs.org/azure-iot-http-base/-/azure-iot-http-base-1.7.1.tgz",
      "integrity": "sha512-g/LYmq4FytUyfBcEVLQpi0nwtwgYbrv6WqUXVjx4c+WjletIGXb9LqyDJ0ZWZW3zDt2NeWYxPYJL8B5tr18VBA==",
      "requires": {
        "azure-iot-common": "1.7.1",
        "debug": "^3.1.0",
        "uuid": "^3.2.1"
      },
      "dependencies": {
        "azure-iot-common": {
          "version": "1.7.1",
          "resolved": "https://registry.npmjs.org/azure-iot-common/-/azure-iot-common-1.7.1.tgz",
          "integrity": "sha512-qpUnGCAB5F7RsS6QQp/SXX5OUx59L4wY4cHnJrfa8e8Wwv6S+Kewe3l1OZvuIx36jQnOnclwJy2Dyyhw5na/hA==",
          "requires": {
            "getos": "^3.1.0"
          }
        },
        "debug": {
          "version": "3.1.0",
          "resolved": "https://registry.npmjs.org/debug/-/debug-3.1.0.tgz",
          "integrity": "sha512-OX8XqP7/1a9cqkxYw2yXss15f26NKWBpDXQd0/uK/KPqdQhxbPa994hnzjcE2VqQpDslf55723cKPUOGSmMY3g==",
          "requires": {
            "ms": "2.0.0"
          }
        }
      }
    },
    "azure-iothub": {
      "version": "1.7.1",
      "resolved": "https://registry.npmjs.org/azure-iothub/-/azure-iothub-1.7.1.tgz",
      "integrity": "sha512-290cRwnNsZ8YoAMxp0sv7GtuYVmkUi8CZOBC/fhD0DfgxSOhTiRhBEP34Isa3ut1RPvUIF/rcrv451bFUfasHA==",
      "requires": {
        "async": "^2.6.1",
        "azure-iot-amqp-base": "1.7.1",
        "azure-iot-common": "1.7.1",
        "azure-iot-http-base": "1.7.1",
        "debug": "^3.1.0",
        "lodash": "^4.17.10",
        "machina": "^2.0.1"
      },
      "dependencies": {
        "azure-iot-common": {
          "version": "1.7.1",
          "resolved": "https://registry.npmjs.org/azure-iot-common/-/azure-iot-common-1.7.1.tgz",
          "integrity": "sha512-qpUnGCAB5F7RsS6QQp/SXX5OUx59L4wY4cHnJrfa8e8Wwv6S+Kewe3l1OZvuIx36jQnOnclwJy2Dyyhw5na/hA==",
          "requires": {
            "getos": "^3.1.0"
          }
        },
        "debug": {
          "version": "3.1.0",
          "resolved": "https://registry.npmjs.org/debug/-/debug-3.1.0.tgz",
          "integrity": "sha512-OX8XqP7/1a9cqkxYw2yXss15f26NKWBpDXQd0/uK/KPqdQhxbPa994hnzjcE2VqQpDslf55723cKPUOGSmMY3g==",
          "requires": {
            "ms": "2.0.0"
          }
        }
      }
    },
    "bl": {
      "version": "1.2.0",
      "resolved": "https://registry.npmjs.org/bl/-/bl-1.2.0.tgz",
      "integrity": "sha1-E5fn7ELF9dw4dHDFAONKn2vp6pg=",
      "requires": {
        "readable-stream": "^2.0.5"
      }
    },
    "bluebird": {
      "version": "3.5.0",
      "resolved": "https://registry.npmjs.org/bluebird/-/bluebird-3.5.0.tgz",
      "integrity": "sha1-eRQg1/VR7qKJdFOop3ZT+WYG1nw="
    },
    "buffer-builder": {
      "version": "0.2.0",
      "resolved": "https://registry.npmjs.org/buffer-builder/-/buffer-builder-0.2.0.tgz",
      "integrity": "sha1-MyLNMH2Cltqx9gRhhZOyYaP63o8="
    },
    "buffer-shims": {
      "version": "1.0.0",
      "resolved": "https://registry.npmjs.org/buffer-shims/-/buffer-shims-1.0.0.tgz",
      "integrity": "sha1-mXjOMXOIxkmth5MCjDR37wRKi1E="
    },
    "core-util-is": {
      "version": "1.0.2",
      "resolved": "https://registry.npmjs.org/core-util-is/-/core-util-is-1.0.2.tgz",
      "integrity": "sha1-tf1UIgqivFq1eqtxQMlAdUUDwac="
    },
    "crypto": {
      "version": "0.0.3",
      "resolved": "https://registry.npmjs.org/crypto/-/crypto-0.0.3.tgz",
      "integrity": "sha1-RwqBuGvkxe4XrMggeh9TFa4g27A="
    },
    "debug": {
      "version": "2.6.9",
      "resolved": "https://registry.npmjs.org/debug/-/debug-2.6.9.tgz",
      "integrity": "sha512-bC7ElrdJaJnPbAP+1EotYvqZsb3ecl5wi6Bfi6BJTUcNowp6cvspg0jXznRTKDjm/E7AdgFBVeAPVMNcKGsHMA==",
      "requires": {
        "ms": "2.0.0"
      }
    },
    "dotenv": {
      "version": "4.0.0",
      "resolved": "http://bbnpm.azurewebsites.net/dotenv/-/dotenv-4.0.0.tgz",
      "integrity": "sha1-hk7xN5rO1Vzm+V3r7NzhefegzR0="
    },
    "getos": {
      "version": "3.1.0",
      "resolved": "https://registry.npmjs.org/getos/-/getos-3.1.0.tgz",
      "integrity": "sha512-i9vrxtDu5DlLVFcrbqUqGWYlZN/zZ4pGMICCAcZoYsX3JA54nYp8r5EThw5K+m2q3wszkx4Th746JstspB0H4Q==",
      "requires": {
        "async": "2.4.0"
      },
      "dependencies": {
        "async": {
          "version": "2.4.0",
          "resolved": "https://registry.npmjs.org/async/-/async-2.4.0.tgz",
          "integrity": "sha1-SZAgDxjqW4N8LMT4wDGmmFw4VhE=",
          "requires": {
            "lodash": "^4.14.0"
          }
        }
      }
    },
    "inherits": {
      "version": "2.0.3",
      "resolved": "https://registry.npmjs.org/inherits/-/inherits-2.0.3.tgz",
      "integrity": "sha1-Yzwsg+PaQqUC9SRmAiSA9CCCYd4="
    },
    "isarray": {
      "version": "1.0.0",
      "resolved": "https://registry.npmjs.org/isarray/-/isarray-1.0.0.tgz",
      "integrity": "sha1-u5NdSFgsuhaMBoNJV6VKPgcSTxE="
    },
    "lodash": {
      "version": "4.17.10",
      "resolved": "https://registry.npmjs.org/lodash/-/lodash-4.17.10.tgz",
      "integrity": "sha512-UejweD1pDoXu+AD825lWwp4ZGtSwgnpZxb3JDViD7StjQz+Nb/6l093lx4OQ0foGWNRoc19mWy7BzL+UAK2iVg=="
    },
    "lodash.merge": {
      "version": "4.6.1",
      "resolved": "https://registry.npmjs.org/lodash.merge/-/lodash.merge-4.6.1.tgz",
      "integrity": "sha512-AOYza4+Hf5z1/0Hztxpm2/xiPZgi/cjMqdnKTUWTBSKchJlxXXuUSxCCl8rJlf4g6yww/j6mA8nC8Hw/EZWxKQ=="
    },
    "machina": {
      "version": "2.0.2",
      "resolved": "https://registry.npmjs.org/machina/-/machina-2.0.2.tgz",
      "integrity": "sha512-9U9g4eQjQ2JARX7h/051r65EQEfFfpPxoSjVmUMJG6gnfjVjM+rjwVLoq7Z9NovjYm7AR3oTWWPtHVlgeSZzYw==",
      "requires": {
        "lodash": "3.x"
      },
      "dependencies": {
        "lodash": {
          "version": "3.10.1",
          "resolved": "https://registry.npmjs.org/lodash/-/lodash-3.10.1.tgz",
          "integrity": "sha1-W/Rejkm6QYnhfUgnid/RW9FAt7Y="
        }
      }
    },
    "ms": {
      "version": "2.0.0",
      "resolved": "https://registry.npmjs.org/ms/-/ms-2.0.0.tgz",
      "integrity": "sha1-VgiurfwAvmwpAd9fmGF4jeDVl8g="
    },
    "node-int64": {
      "version": "0.4.0",
      "resolved": "https://registry.npmjs.org/node-int64/-/node-int64-0.4.0.tgz",
      "integrity": "sha1-h6kGXNs1XTGC2PlM4RGIuCXGijs="
    },
    "nodejs-websocket": {
      "version": "1.7.1",
      "resolved": "https://registry.npmjs.org/nodejs-websocket/-/nodejs-websocket-1.7.1.tgz",
      "integrity": "sha1-zM+7qCO/HPqWgPFoq3q1MSHkhBA="
    },
    "process-nextick-args": {
      "version": "1.0.7",
      "resolved": "https://registry.npmjs.org/process-nextick-args/-/process-nextick-args-1.0.7.tgz",
      "integrity": "sha1-FQ4gt1ZZCtP5EJPyWk8q2L/zC6M="
    },
    "readable-stream": {
      "version": "2.2.9",
      "resolved": "https://registry.npmjs.org/readable-stream/-/readable-stream-2.2.9.tgz",
      "integrity": "sha1-z3jsb0ptHrQ9JkiMrJfwQudLf8g=",
      "requires": {
        "buffer-shims": "~1.0.0",
        "core-util-is": "~1.0.0",
        "inherits": "~2.0.1",
        "isarray": "~1.0.0",
        "process-nextick-args": "~1.0.6",
        "string_decoder": "~1.0.0",
        "util-deprecate": "~1.0.1"
      }
    },
    "stately.js": {
      "version": "1.3.0",
      "resolved": "https://registry.npmjs.org/stately.js/-/stately.js-1.3.0.tgz",
      "integrity": "sha1-UtDRwVKgaaZ8sUUDrF3c24vh13c="
    },
    "string_decoder": {
      "version": "1.0.0",
      "resolved": "https://registry.npmjs.org/string_decoder/-/string_decoder-1.0.0.tgz",
      "integrity": "sha1-8G9BFXtmTYYGn4S9vcmw2KsoFmc=",
      "requires": {
        "buffer-shims": "~1.0.0"
      }
    },
    "util-deprecate": {
      "version": "1.0.2",
      "resolved": "https://registry.npmjs.org/util-deprecate/-/util-deprecate-1.0.2.tgz",
      "integrity": "sha1-RQ1Nyfpw3nMnYvvS1KKJgUGaDM8="
    },
    "uuid": {
      "version": "3.3.2",
      "resolved": "https://registry.npmjs.org/uuid/-/uuid-3.3.2.tgz",
      "integrity": "sha512-yXJmeNaw3DnnKAOKJE51sL/ZaYfWJRl1pK9dr19YFCu0ObS231AB1/LbqTKRAQ5kw8A90rA6fr4riOUpTZvQZA=="
    }
  }
}
